
Microsoft Visual Studio Solution File, Format Version 12.00
# Visual Studio Version 17
VisualStudioVersion = 17.14.36518.9 d17.14
MinimumVisualStudioVersion = 10.0.40219.1
Project("{FAE04EC0-301F-11D3-BF4B-00C04F79EFBC}") = "duygu-analizi", "duygu-analizi\duygu-analizi.csproj", "{D85A1A65-0106-49F2-9BFD-B9FD339D708C}"
EndProject
Global
	GlobalSection(SolutionConfigurationPlatforms) = preSolution
		Debug|Any CPU = Debug|Any CPU
		Release|Any CPU = Release|Any CPU
	EndGlobalSection
	GlobalSection(ProjectConfigurationPlatforms) = postSolution
		{D85A1A65-0106-49F2-9BFD-B9FD339D708C}.Debug|Any CPU.ActiveCfg = Debug|Any CPU
		{D85A1A65-0106-49F2-9BFD-B9FD339D708C}.Debug|Any CPU.Build.0 = Debug|Any CPU
		{D85A1A65-0106-49F2-9BFD-B9FD339D708C}.Release|Any CPU.ActiveCfg = Release|Any CPU
		{D85A1A65-0106-49F2-9BFD-B9FD339D708C}.Release|Any CPU.Build.0 = Release|Any CPU
	EndGlobalSection
	GlobalSection(SolutionProperties) = preSolution
		HideSolutionNode = FALSE
	EndGlobalSection
	GlobalSection(ExtensibilityGlobals) = postSolution
		SolutionGuid = {1431D0E3-E2E6-460B-AAFA-75A4DD3BD150}
	EndGlobalSection
EndGlobal
